// !$*UTF8*$!
{
	archiveVersion = 1;
	classes = {
	};
	objectVersion = 46;
	objects = {

/* Begin PBXBuildFile section */
		240DBF7E1D04A15C00B89252 /* AppDelegate.swift in Sources */ = {isa = PBXBuildFile; fileRef = 240DBF7D1D04A15C00B89252 /* AppDelegate.swift */; };
		240DBF801D04A15C00B89252 /* ViewController.swift in Sources */ = {isa = PBXBuildFile; fileRef = 240DBF7F1D04A15C00B89252 /* ViewController.swift */; };
		240DBF831D04A15C00B89252 /* Main.storyboard in Resources */ = {isa = PBXBuildFile; fileRef = 240DBF811D04A15C00B89252 /* Main.storyboard */; };
		240DBF851D04A15C00B89252 /* Assets.xcassets in Resources */ = {isa = PBXBuildFile; fileRef = 240DBF841D04A15C00B89252 /* Assets.xcassets */; };
		240DBF881D04A15C00B89252 /* LaunchScreen.storyboard in Resources */ = {isa = PBXBuildFile; fileRef = 240DBF861D04A15C00B89252 /* LaunchScreen.storyboard */; };
		240DBF931D04A15C00B89252 /* SupReActTests.swift in Sources */ = {isa = PBXBuildFile; fileRef = 240DBF921D04A15C00B89252 /* SupReActTests.swift */; };
/* End PBXBuildFile section */

/* Begin PBXContainerItemProxy section */
		240DBF8F1D04A15C00B89252 /* PBXContainerItemProxy */ = {
			isa = PBXContainerItemProxy;
			containerPortal = 240DBF721D04A15B00B89252 /* Project object */;
			proxyType = 1;
			remoteGlobalIDString = 240DBF791D04A15B00B89252;
			remoteInfo = SupReAct;
		};
/* End PBXContainerItemProxy section */

/* Begin PBXFileReference section */
		240DBF7A1D04A15C00B89252 /* SupReAct.app */ = {isa = PBXFileReference; explicitFileType = wrapper.application; includeInIndex = 0; path = SupReAct.app; sourceTree = BUILT_PRODUCTS_DIR; };
		240DBF7D1D04A15C00B89252 /* AppDelegate.swift */ = {isa = PBXFileReference; lastKnownFileType = sourcecode.swift; path = AppDelegate.swift; sourceTree = "<group>"; };
		240DBF7F1D04A15C00B89252 /* ViewController.swift */ = {isa = PBXFileReference; lastKnownFileType = sourcecode.swift; path = ViewController.swift; sourceTree = "<group>"; };
		240DBF821D04A15C00B89252 /* Base */ = {isa = PBXFileReference; lastKnownFileType = file.storyboard; name = Base; path = Base.lproj/Main.storyboard; sourceTree = "<group>"; };
		240DBF841D04A15C00B89252 /* Assets.xcassets */ = {isa = PBXFileReference; lastKnownFileType = folder.assetcatalog; path = Assets.xcassets; sourceTree = "<group>"; };
		240DBF871D04A15C00B89252 /* Base */ = {isa = PBXFileReference; lastKnownFileType = file.storyboard; name = Base; path = Base.lproj/LaunchScreen.storyboard; sourceTree = "<group>"; };
		240DBF891D04A15C00B89252 /* Info.plist */ = {isa = PBXFileReference; lastKnownFileType = text.plist.xml; path = Info.plist; sourceTree = "<group>"; };
		240DBF8E1D04A15C00B89252 /* SupReActTests.xctest */ = {isa = PBXFileReference; explicitFileType = wrapper.cfbundle; includeInIndex = 0; path = SupReActTests.xctest; sourceTree = BUILT_PRODUCTS_DIR; };
		240DBF921D04A15C00B89252 /* SupReActTests.swift */ = {isa = PBXFileReference; lastKnownFileType = sourcecode.swift; path = SupReActTests.swift; sourceTree = "<group>"; };
		240DBF941D04A15C00B89252 /* Info.plist */ = {isa = PBXFileReference; lastKnownFileType = text.plist.xml; path = Info.plist; sourceTree = "<group>"; };
/* End PBXFileReference section */

/* Begin PBXFrameworksBuildPhase section */
		240DBF771D04A15B00B89252 /* Frameworks */ = {
			isa = PBXFrameworksBuildPhase;
			buildActionMask = 2147483647;
			files = (
			);
			runOnlyForDeploymentPostprocessing = 0;
		};
		240DBF8B1D04A15C00B89252 /* Frameworks */ = {
			isa = PBXFrameworksBuildPhase;
			buildActionMask = 2147483647;
			files = (
			);
			runOnlyForDeploymentPostprocessing = 0;
		};
/* End PBXFrameworksBuildPhase section */

/* Begin PBXGroup section */
		240DBF711D04A15B00B89252 = {
			isa = PBXGroup;
			children = (
				240DBF7C1D04A15C00B89252 /* SupReAct */,
				240DBF911D04A15C00B89252 /* SupReActTests */,
				240DBF7B1D04A15C00B89252 /* Products */,
			);
			sourceTree = "<group>";
		};
		240DBF7B1D04A15C00B89252 /* Products */ = {
			isa = PBXGroup;
			children = (
				240DBF7A1D04A15C00B89252 /* SupReAct.app */,
				240DBF8E1D04A15C00B89252 /* SupReActTests.xctest */,
			);
			name = Products;
			sourceTree = "<group>";
		};
		240DBF7C1D04A15C00B89252 /* SupReAct */ = {
			isa = PBXGroup;
			children = (
				240DBF7D1D04A15C00B89252 /* AppDelegate.swift */,
				240DBF7F1D04A15C00B89252 /* ViewController.swift */,
				240DBF811D04A15C00B89252 /* Main.storyboard */,
				240DBF841D04A15C00B89252 /* Assets.xcassets */,
				240DBF861D04A15C00B89252 /* LaunchScreen.storyboard */,
				240DBF891D04A15C00B89252 /* Info.plist */,
			);
			path = SupReAct;
			sourceTree = "<group>";
		};
		240DBF911D04A15C00B89252 /* SupReActTests */ = {
			isa = PBXGroup;
			children = (
				240DBF921D04A15C00B89252 /* SupReActTests.swift */,
				240DBF941D04A15C00B89252 /* Info.plist */,
			);
			path = SupReActTests;
			sourceTree = "<group>";
		};
/* End PBXGroup section */

/* Begin PBXNativeTarget section */
		240DBF791D04A15B00B89252 /* SupReAct */ = {
			isa = PBXNativeTarget;
			buildConfigurationList = 240DBF971D04A15C00B89252 /* Build configuration list for PBXNativeTarget "SupReAct" */;
			buildPhases = (
				240DBF761D04A15B00B89252 /* Sources */,
				240DBF771D04A15B00B89252 /* Frameworks */,
				240DBF781D04A15B00B89252 /* Resources */,
			);
			buildRules = (
			);
			dependencies = (
			);
			name = SupReAct;
			productName = SupReAct;
			productReference = 240DBF7A1D04A15C00B89252 /* SupReAct.app */;
			productType = "com.apple.product-type.application";
		};
		240DBF8D1D04A15C00B89252 /* SupReActTests */ = {
			isa = PBXNativeTarget;
			buildConfigurationList = 240DBF9A1D04A15C00B89252 /* Build configuration list for PBXNativeTarget "SupReActTests" */;
			buildPhases = (
				240DBF8A1D04A15C00B89252 /* Sources */,
				240DBF8B1D04A15C00B89252 /* Frameworks */,
				240DBF8C1D04A15C00B89252 /* Resources */,
			);
			buildRules = (
			);
			dependencies = (
				240DBF901D04A15C00B89252 /* PBXTargetDependency */,
			);
			name = SupReActTests;
			productName = SupReActTests;
			productReference = 240DBF8E1D04A15C00B89252 /* SupReActTests.xctest */;
			productType = "com.apple.product-type.bundle.unit-test";
		};
/* End PBXNativeTarget section */

/* Begin PBXProject section */
		240DBF721D04A15B00B89252 /* Project object */ = {
			isa = PBXProject;
			attributes = {
				LastSwiftUpdateCheck = 0730;
				LastUpgradeCheck = 0730;
				ORGANIZATIONNAME = www.rafaelbartolome.es;
				TargetAttributes = {
					240DBF791D04A15B00B89252 = {
						CreatedOnToolsVersion = 7.3;
					};
					240DBF8D1D04A15C00B89252 = {
						CreatedOnToolsVersion = 7.3;
						TestTargetID = 240DBF791D04A15B00B89252;
					};
				};
			};
			buildConfigurationList = 240DBF751D04A15B00B89252 /* Build configuration list for PBXProject "SupReAct" */;
			compatibilityVersion = "Xcode 3.2";
			developmentRegion = English;
			hasScannedForEncodings = 0;
			knownRegions = (
				en,
				Base,
			);
			mainGroup = 240DBF711D04A15B00B89252;
			productRefGroup = 240DBF7B1D04A15C00B89252 /* Products */;
			projectDirPath = "";
			projectRoot = "";
			targets = (
				240DBF791D04A15B00B89252 /* SupReAct */,
				240DBF8D1D04A15C00B89252 /* SupReActTests */,
			);
		};
/* End PBXProject section */

/* Begin PBXResourcesBuildPhase section */
		240DBF781D04A15B00B89252 /* Resources */ = {
			isa = PBXResourcesBuildPhase;
			buildActionMask = 2147483647;
			files = (
				240DBF881D04A15C00B89252 /* LaunchScreen.storyboard in Resources */,
				240DBF851D04A15C00B89252 /* Assets.xcassets in Resources */,
				240DBF831D04A15C00B89252 /* Main.storyboard in Resources */,
			);
			runOnlyForDeploymentPostprocessing = 0;
		};
		240DBF8C1D04A15C00B89252 /* Resources */ = {
			isa = PBXResourcesBuildPhase;
			buildActionMask = 2147483647;
			files = (
			);
			runOnlyForDeploymentPostprocessing = 0;
		};
/* End PBXResourcesBuildPhase section */

/* Begin PBXSourcesBuildPhase section */
		240DBF761D04A15B00B89252 /* Sources */ = {
			isa = PBXSourcesBuildPhase;
			buildActionMask = 2147483647;
			files = (
				240DBF801D04A15C00B89252 /* ViewController.swift in Sources */,
				240DBF7E1D04A15C00B89252 /* AppDelegate.swift in Sources */,
			);
			runOnlyForDeploymentPostprocessing = 0;
		};
		240DBF8A1D04A15C00B89252 /* Sources */ = {
			isa = PBXSourcesBuildPhase;
			buildActionMask = 2147483647;
			files = (
				240DBF931D04A15C00B89252 /* SupReActTests.swift in Sources */,
			);
			runOnlyForDeploymentPostprocessing = 0;
		};
/* End PBXSourcesBuildPhase section */

/* Begin PBXTargetDependency section */
		240DBF901D04A15C00B89252 /* PBXTargetDependency */ = {
			isa = PBXTargetDependency;
			target = 240DBF791D04A15B00B89252 /* SupReAct */;
			targetProxy = 240DBF8F1D04A15C00B89252 /* PBXContainerItemProxy */;
		};
/* End PBXTargetDependency section */

/* Begin PBXVariantGroup section */
		240DBF811D04A15C00B89252 /* Main.storyboard */ = {
			isa = PBXVariantGroup;
			children = (
				240DBF821D04A15C00B89252 /* Base */,
			);
			name = Main.storyboard;
			sourceTree = "<group>";
		};
		240DBF861D04A15C00B89252 /* LaunchScreen.storyboard */ = {
			isa = PBXVariantGroup;
			children = (
				240DBF871D04A15C00B89252 /* Base */,
			);
			name = LaunchScreen.storyboard;
			sourceTree = "<group>";
		};
/* End PBXVariantGroup section */

/* Begin XCBuildConfiguration section */
		240DBF951D04A15C00B89252 /* Debug */ = {
			isa = XCBuildConfiguration;
			buildSettings = {
				ALWAYS_SEARCH_USER_PATHS = NO;
				CLANG_ANALYZER_NONNULL = YES;
				CLANG_CXX_LANGUAGE_STANDARD = "gnu++0x";
				CLANG_CXX_LIBRARY = "libc++";
				CLANG_ENABLE_MODULES = YES;
				CLANG_ENABLE_OBJC_ARC = YES;
				CLANG_WARN_BOOL_CONVERSION = YES;
				CLANG_WARN_CONSTANT_CONVERSION = YES;
				CLANG_WARN_DIRECT_OBJC_ISA_USAGE = YES_ERROR;
				CLANG_WARN_EMPTY_BODY = YES;
				CLANG_WARN_ENUM_CONVERSION = YES;
				CLANG_WARN_INT_CONVERSION = YES;
				CLANG_WARN_OBJC_ROOT_CLASS = YES_ERROR;
				CLANG_WARN_UNREACHABLE_CODE = YES;
				CLANG_WARN__DUPLICATE_METHOD_MATCH = YES;
				"CODE_SIGN_IDENTITY[sdk=iphoneos*]" = "iPhone Developer";
				COPY_PHASE_STRIP = NO;
				DEBUG_INFORMATION_FORMAT = dwarf;
				ENABLE_STRICT_OBJC_MSGSEND = YES;
				ENABLE_TESTABILITY = YES;
				GCC_C_LANGUAGE_STANDARD = gnu99;
				GCC_DYNAMIC_NO_PIC = NO;
				GCC_NO_COMMON_BLOCKS = YES;
				GCC_OPTIMIZATION_LEVEL = 0;
				GCC_PREPROCESSOR_DEFINITIONS = (
					"DEBUG=1",
					"$(inherited)",
				);
				GCC_WARN_64_TO_32_BIT_CONVERSION = YES;
				GCC_WARN_ABOUT_RETURN_TYPE = YES_ERROR;
				GCC_WARN_UNDECLARED_SELECTOR = YES;
				GCC_WARN_UNINITIALIZED_AUTOS = YES_AGGRESSIVE;
				GCC_WARN_UNUSED_FUNCTION = YES;
				GCC_WARN_UNUSED_VARIABLE = YES;
				IPHONEOS_DEPLOYMENT_TARGET = 9.3;
				MTL_ENABLE_DEBUG_INFO = YES;
				ONLY_ACTIVE_ARCH = YES;
				SDKROOT = iphoneos;
				SWIFT_OPTIMIZATION_LEVEL = "-Onone";
			};
			name = Debug;
		};
		240DBF961D04A15C00B89252 /* Release */ = {
			isa = XCBuildConfiguration;
			buildSettings = {
				ALWAYS_SEARCH_USER_PATHS = NO;
				CLANG_ANALYZER_NONNULL = YES;
				CLANG_CXX_LANGUAGE_STANDARD = "gnu++0x";
				CLANG_CXX_LIBRARY = "libc++";
				CLANG_ENABLE_MODULES = YES;
				CLANG_ENABLE_OBJC_ARC = YES;
				CLANG_WARN_BOOL_CONVERSION = YES;
				CLANG_WARN_CONSTANT_CONVERSION = YES;
				CLANG_WARN_DIRECT_OBJC_ISA_USAGE = YES_ERROR;
				CLANG_WARN_EMPTY_BODY = YES;
				CLANG_WARN_ENUM_CONVERSION = YES;
				CLANG_WARN_INT_CONVERSION = YES;
				CLANG_WARN_OBJC_ROOT_CLASS = YES_ERROR;
				CLANG_WARN_UNREACHABLE_CODE = YES;
				CLANG_WARN__DUPLICATE_METHOD_MATCH = YES;
				"CODE_SIGN_IDENTITY[sdk=iphoneos*]" = "iPhone Developer";
				COPY_PHASE_STRIP = NO;
				DEBUG_INFORMATION_FORMAT = "dwarf-with-dsym";
				ENABLE_NS_ASSERTIONS = NO;
				ENABLE_STRICT_OBJC_MSGSEND = YES;
				GCC_C_LANGUAGE_STANDARD = gnu99;
				GCC_NO_COMMON_BLOCKS = YES;
				GCC_WARN_64_TO_32_BIT_CONVERSION = YES;
				GCC_WARN_ABOUT_RETURN_TYPE = YES_ERROR;
				GCC_WARN_UNDECLARED_SELECTOR = YES;
				GCC_WARN_UNINITIALIZED_AUTOS = YES_AGGRESSIVE;
				GCC_WARN_UNUSED_FUNCTION = YES;
				GCC_WARN_UNUSED_VARIABLE = YES;
				IPHONEOS_DEPLOYMENT_TARGET = 9.3;
				MTL_ENABLE_DEBUG_INFO = NO;
				SDKROOT = iphoneos;
				VALIDATE_PRODUCT = YES;
			};
			name = Release;
		};
		240DBF981D04A15C00B89252 /* Debug */ = {
			isa = XCBuildConfiguration;
			buildSettings = {
				ASSETCATALOG_COMPILER_APPICON_NAME = AppIcon;
				INFOPLIST_FILE = SupReAct/Info.plist;
				LD_RUNPATH_SEARCH_PATHS = "$(inherited) @executable_path/Frameworks";
				PRODUCT_BUNDLE_IDENTIFIER = com.uranusoft.supreact.SupReAct;
				PRODUCT_NAME = "$(TARGET_NAME)";
			};
			name = Debug;
		};
		240DBF991D04A15C00B89252 /* Release */ = {
			isa = XCBuildConfiguration;
			buildSettings = {
				ASSETCATALOG_COMPILER_APPICON_NAME = AppIcon;
				INFOPLIST_FILE = SupReAct/Info.plist;
				LD_RUNPATH_SEARCH_PATHS = "$(inherited) @executable_path/Frameworks";
				PRODUCT_BUNDLE_IDENTIFIER = com.uranusoft.supreact.SupReAct;
				PRODUCT_NAME = "$(TARGET_NAME)";
			};
			name = Release;
		};
		240DBF9B1D04A15C00B89252 /* Debug */ = {
			isa = XCBuildConfiguration;
			buildSettings = {
				BUNDLE_LOADER = "$(TEST_HOST)";
				INFOPLIST_FILE = SupReActTests/Info.plist;
				LD_RUNPATH_SEARCH_PATHS = "$(inherited) @executable_path/Frameworks @loader_path/Frameworks";
				PRODUCT_BUNDLE_IDENTIFIER = com.uranusoft.supreact.SupReActTests;
				PRODUCT_NAME = "$(TARGET_NAME)";
				TEST_HOST = "$(BUILT_PRODUCTS_DIR)/SupReAct.app/SupReAct";
			};
			name = Debug;
		};
		240DBF9C1D04A15C00B89252 /* Release */ = {
			isa = XCBuildConfiguration;
			buildSettings = {
				BUNDLE_LOADER = "$(TEST_HOST)";
				INFOPLIST_FILE = SupReActTests/Info.plist;
				LD_RUNPATH_SEARCH_PATHS = "$(inherited) @executable_path/Frameworks @loader_path/Frameworks";
				PRODUCT_BUNDLE_IDENTIFIER = com.uranusoft.supreact.SupReActTests;
				PRODUCT_NAME = "$(TARGET_NAME)";
				TEST_HOST = "$(BUILT_PRODUCTS_DIR)/SupReAct.app/SupReAct";
			};
			name = Release;
		};
/* End XCBuildConfiguration section */

/* Begin XCConfigurationList section */
		240DBF751D04A15B00B89252 /* Build configuration list for PBXProject "SupReAct" */ = {
			isa = XCConfigurationList;
			buildConfigurations = (
				240DBF951D04A15C00B89252 /* Debug */,
				240DBF961D04A15C00B89252 /* Release */,
			);
			defaultConfigurationIsVisible = 0;
			defaultConfigurationName = Release;
		};
		240DBF971D04A15C00B89252 /* Build configuration list for PBXNativeTarget "SupReAct" */ = {
			isa = XCConfigurationList;
			buildConfigurations = (
				240DBF981D04A15C00B89252 /* Debug */,
				240DBF991D04A15C00B89252 /* Release */,
			);
			defaultConfigurationIsVisible = 0;
		};
		240DBF9A1D04A15C00B89252 /* Build configuration list for PBXNativeTarget "SupReActTests" */ = {
			isa = XCConfigurationList;
			buildConfigurations = (
				240DBF9B1D04A15C00B89252 /* Debug */,
				240DBF9C1D04A15C00B89252 /* Release */,
			);
			defaultConfigurationIsVisible = 0;
		};
/* End XCConfigurationList section */
	};
	rootObject = 240DBF721D04A15B00B89252 /* Project object */;
}
